
Microsoft Visual Studio Solution File, Format Version 12.00
# Visual Studio Version 17
VisualStudioVersion = 17.0.32112.339
MinimumVisualStudioVersion = 10.0.40219.1
Project("{9A19103F-16F7-4668-BE54-9A1E7A4F7556}") = "TicTacToe", "TicTacToe\TicTacToe.csproj", "{DAA64012-7A11-45C5-8B97-70B01AC3813F}"
EndProject
Project("{FAE04EC0-301F-11D3-BF4B-00C04F79EFBC}") = "Calculator", "Calculator\Calculator.csproj", "{2DD13BA9-BC12-47E8-8183-6CC8B1FA722D}"
EndProject
Global
	GlobalSection(SolutionConfigurationPlatforms) = preSolution
		Debug|Any CPU = Debug|Any CPU
		Release|Any CPU = Release|Any CPU
	EndGlobalSection
	GlobalSection(ProjectConfigurationPlatforms) = postSolution
		{DAA64012-7A11-45C5-8B97-70B01AC3813F}.Debug|Any CPU.ActiveCfg = Debug|Any CPU
		{DAA64012-7A11-45C5-8B97-70B01AC3813F}.Debug|Any CPU.Build.0 = Debug|Any CPU
		{DAA64012-7A11-45C5-8B97-70B01AC3813F}.Release|Any CPU.ActiveCfg = Release|Any CPU
		{DAA64012-7A11-45C5-8B97-70B01AC3813F}.Release|Any CPU.Build.0 = Release|Any CPU
		{2DD13BA9-BC12-47E8-8183-6CC8B1FA722D}.Debug|Any CPU.ActiveCfg = Debug|Any CPU
		{2DD13BA9-BC12-47E8-8183-6CC8B1FA722D}.Debug|Any CPU.Build.0 = Debug|Any CPU
		{2DD13BA9-BC12-47E8-8183-6CC8B1FA722D}.Release|Any CPU.ActiveCfg = Release|Any CPU
		{2DD13BA9-BC12-47E8-8183-6CC8B1FA722D}.Release|Any CPU.Build.0 = Release|Any CPU
	EndGlobalSection
	GlobalSection(SolutionProperties) = preSolution
		HideSolutionNode = FALSE
	EndGlobalSection
	GlobalSection(ExtensibilityGlobals) = postSolution
		SolutionGuid = {EC15DAEB-BA34-49BD-A0EC-BC5A1C612222}
	EndGlobalSection
EndGlobal
